// !$*UTF8*$!
{
	archiveVersion = 1;
	classes = {
	};
	objectVersion = 51;
	objects = {

/* Begin PBXBuildFile section */
		0D29D241125850B44DA1052D /* Pods_Parstagram.framework in Frameworks */ = {isa = PBXBuildFile; fileRef = 8A130B76BD4CE19169120CE7 /* Pods_Parstagram.framework */; };
		13AB4199B5051B4985CAE20A /* Pods_ParstagramTests.framework in Frameworks */ = {isa = PBXBuildFile; fileRef = 7CAE9D02673FB6CDC3A683A8 /* Pods_ParstagramTests.framework */; };
		BB652C9825622EDC00B89B86 /* LoginViewController.swift in Sources */ = {isa = PBXBuildFile; fileRef = BB652C9725622EDC00B89B86 /* LoginViewController.swift */; };
		BB652C9A25622EE700B89B86 /* FeedViewController.swift in Sources */ = {isa = PBXBuildFile; fileRef = BB652C9925622EE700B89B86 /* FeedViewController.swift */; };
		BB652C9C2562375800B89B86 /* CameraViewController.swift in Sources */ = {isa = PBXBuildFile; fileRef = BB652C9B2562375800B89B86 /* CameraViewController.swift */; };
		BB6E1D10256240A50057FFB4 /* PostCell.swift in Sources */ = {isa = PBXBuildFile; fileRef = BB6E1D0F256240A50057FFB4 /* PostCell.swift */; };
		BB8FFC73256AD70300D7291D /* CommentCell.swift in Sources */ = {isa = PBXBuildFile; fileRef = BB8FFC72256AD70300D7291D /* CommentCell.swift */; };
		BBB62B782562279E00F46DD8 /* AppDelegate.swift in Sources */ = {isa = PBXBuildFile; fileRef = BBB62B772562279E00F46DD8 /* AppDelegate.swift */; };
		BBB62B7A2562279E00F46DD8 /* SceneDelegate.swift in Sources */ = {isa = PBXBuildFile; fileRef = BBB62B792562279E00F46DD8 /* SceneDelegate.swift */; };
		BBB62B7F2562279E00F46DD8 /* Main.storyboard in Resources */ = {isa = PBXBuildFile; fileRef = BBB62B7D2562279E00F46DD8 /* Main.storyboard */; };
		BBB62B81256227A300F46DD8 /* Assets.xcassets in Resources */ = {isa = PBXBuildFile; fileRef = BBB62B80256227A300F46DD8 /* Assets.xcassets */; };
		BBB62B84256227A300F46DD8 /* LaunchScreen.storyboard in Resources */ = {isa = PBXBuildFile; fileRef = BBB62B82256227A300F46DD8 /* LaunchScreen.storyboard */; };
		BBB62B8F256227A300F46DD8 /* ParstagramTests.swift in Sources */ = {isa = PBXBuildFile; fileRef = BBB62B8E256227A300F46DD8 /* ParstagramTests.swift */; };
		BBB62B9A256227A300F46DD8 /* ParstagramUITests.swift in Sources */ = {isa = PBXBuildFile; fileRef = BBB62B99256227A300F46DD8 /* ParstagramUITests.swift */; };
		F031065EB8BAC9D74123FEF0 /* Pods_Parstagram_ParstagramUITests.framework in Frameworks */ = {isa = PBXBuildFile; fileRef = 754715F32AAFB8915F406ED0 /* Pods_Parstagram_ParstagramUITests.framework */; };
/* End PBXBuildFile section */

/* Begin PBXContainerItemProxy section */
		BBB62B8B256227A300F46DD8 /* PBXContainerItemProxy */ = {
			isa = PBXContainerItemProxy;
			containerPortal = BBB62B6C2562279E00F46DD8 /* Project object */;
			proxyType = 1;
			remoteGlobalIDString = BBB62B732562279E00F46DD8;
			remoteInfo = Parstagram;
		};
		BBB62B96256227A300F46DD8 /* PBXContainerItemProxy */ = {
			isa = PBXContainerItemProxy;
			containerPortal = BBB62B6C2562279E00F46DD8 /* Project object */;
			proxyType = 1;
			remoteGlobalIDString = BBB62B732562279E00F46DD8;
			remoteInfo = Parstagram;
		};
/* End PBXContainerItemProxy section */

/* Begin PBXFileReference section */
		1F7DDD719F987A55697FC808 /* Pods-Parstagram.debug.xcconfig */ = {isa = PBXFileReference; includeInIndex = 1; lastKnownFileType = text.xcconfig; name = "Pods-Parstagram.debug.xcconfig"; path = "Target Support Files/Pods-Parstagram/Pods-Parstagram.debug.xcconfig"; sourceTree = "<group>"; };
		2DA12744C35B1147D993910B /* Pods-ParstagramTests.debug.xcconfig */ = {isa = PBXFileReference; includeInIndex = 1; lastKnownFileType = text.xcconfig; name = "Pods-ParstagramTests.debug.xcconfig"; path = "Target Support Files/Pods-ParstagramTests/Pods-ParstagramTests.debug.xcconfig"; sourceTree = "<group>"; };
		4C8CA18408A9298120E012C0 /* Pods-Parstagram.release.xcconfig */ = {isa = PBXFileReference; includeInIndex = 1; lastKnownFileType = text.xcconfig; name = "Pods-Parstagram.release.xcconfig"; path = "Target Support Files/Pods-Parstagram/Pods-Parstagram.release.xcconfig"; sourceTree = "<group>"; };
		566B97CAB76F2A4ACEF099C9 /* Pods-Parstagram-ParstagramUITests.release.xcconfig */ = {isa = PBXFileReference; includeInIndex = 1; lastKnownFileType = text.xcconfig; name = "Pods-Parstagram-ParstagramUITests.release.xcconfig"; path = "Target Support Files/Pods-Parstagram-ParstagramUITests/Pods-Parstagram-ParstagramUITests.release.xcconfig"; sourceTree = "<group>"; };
		754715F32AAFB8915F406ED0 /* Pods_Parstagram_ParstagramUITests.framework */ = {isa = PBXFileReference; explicitFileType = wrapper.framework; includeInIndex = 0; path = Pods_Parstagram_ParstagramUITests.framework; sourceTree = BUILT_PRODUCTS_DIR; };
		7CAE9D02673FB6CDC3A683A8 /* Pods_ParstagramTests.framework */ = {isa = PBXFileReference; explicitFileType = wrapper.framework; includeInIndex = 0; path = Pods_ParstagramTests.framework; sourceTree = BUILT_PRODUCTS_DIR; };
		8A130B76BD4CE19169120CE7 /* Pods_Parstagram.framework */ = {isa = PBXFileReference; explicitFileType = wrapper.framework; includeInIndex = 0; path = Pods_Parstagram.framework; sourceTree = BUILT_PRODUCTS_DIR; };
		B22A5AE58DE02AD05A3BD6FF /* Pods-ParstagramTests.release.xcconfig */ = {isa = PBXFileReference; includeInIndex = 1; lastKnownFileType = text.xcconfig; name = "Pods-ParstagramTests.release.xcconfig"; path = "Target Support Files/Pods-ParstagramTests/Pods-ParstagramTests.release.xcconfig"; sourceTree = "<group>"; };
		B3909A3A15E533BF31F4873E /* Pods-Parstagram-ParstagramUITests.debug.xcconfig */ = {isa = PBXFileReference; includeInIndex = 1; lastKnownFileType = text.xcconfig; name = "Pods-Parstagram-ParstagramUITests.debug.xcconfig"; path = "Target Support Files/Pods-Parstagram-ParstagramUITests/Pods-Parstagram-ParstagramUITests.debug.xcconfig"; sourceTree = "<group>"; };
		BB652C9725622EDC00B89B86 /* LoginViewController.swift */ = {isa = PBXFileReference; lastKnownFileType = sourcecode.swift; path = LoginViewController.swift; sourceTree = "<group>"; };
		BB652C9925622EE700B89B86 /* FeedViewController.swift */ = {isa = PBXFileReference; lastKnownFileType = sourcecode.swift; path = FeedViewController.swift; sourceTree = "<group>"; };
		BB652C9B2562375800B89B86 /* CameraViewController.swift */ = {isa = PBXFileReference; lastKnownFileType = sourcecode.swift; path = CameraViewController.swift; sourceTree = "<group>"; };
		BB6E1D0F256240A50057FFB4 /* PostCell.swift */ = {isa = PBXFileReference; lastKnownFileType = sourcecode.swift; path = PostCell.swift; sourceTree = "<group>"; };
		BB8FFC72256AD70300D7291D /* CommentCell.swift */ = {isa = PBXFileReference; lastKnownFileType = sourcecode.swift; path = CommentCell.swift; sourceTree = "<group>"; };
		BBB62B742562279E00F46DD8 /* Parstagram.app */ = {isa = PBXFileReference; explicitFileType = wrapper.application; includeInIndex = 0; path = Parstagram.app; sourceTree = BUILT_PRODUCTS_DIR; };
		BBB62B772562279E00F46DD8 /* AppDelegate.swift */ = {isa = PBXFileReference; lastKnownFileType = sourcecode.swift; path = AppDelegate.swift; sourceTree = "<group>"; };
		BBB62B792562279E00F46DD8 /* SceneDelegate.swift */ = {isa = PBXFileReference; lastKnownFileType = sourcecode.swift; path = SceneDelegate.swift; sourceTree = "<group>"; };
		BBB62B7E2562279E00F46DD8 /* Base */ = {isa = PBXFileReference; lastKnownFileType = file.storyboard; name = Base; path = Base.lproj/Main.storyboard; sourceTree = "<group>"; };
		BBB62B80256227A300F46DD8 /* Assets.xcassets */ = {isa = PBXFileReference; lastKnownFileType = folder.assetcatalog; path = Assets.xcassets; sourceTree = "<group>"; };
		BBB62B83256227A300F46DD8 /* Base */ = {isa = PBXFileReference; lastKnownFileType = file.storyboard; name = Base; path = Base.lproj/LaunchScreen.storyboard; sourceTree = "<group>"; };
		BBB62B85256227A300F46DD8 /* Info.plist */ = {isa = PBXFileReference; lastKnownFileType = text.plist.xml; path = Info.plist; sourceTree = "<group>"; };
		BBB62B8A256227A300F46DD8 /* ParstagramTests.xctest */ = {isa = PBXFileReference; explicitFileType = wrapper.cfbundle; includeInIndex = 0; path = ParstagramTests.xctest; sourceTree = BUILT_PRODUCTS_DIR; };
		BBB62B8E256227A300F46DD8 /* ParstagramTests.swift */ = {isa = PBXFileReference; lastKnownFileType = sourcecode.swift; path = ParstagramTests.swift; sourceTree = "<group>"; };
		BBB62B90256227A300F46DD8 /* Info.plist */ = {isa = PBXFileReference; lastKnownFileType = text.plist.xml; path = Info.plist; sourceTree = "<group>"; };
		BBB62B95256227A300F46DD8 /* ParstagramUITests.xctest */ = {isa = PBXFileReference; explicitFileType = wrapper.cfbundle; includeInIndex = 0; path = ParstagramUITests.xctest; sourceTree = BUILT_PRODUCTS_DIR; };
		BBB62B99256227A300F46DD8 /* ParstagramUITests.swift */ = {isa = PBXFileReference; lastKnownFileType = sourcecode.swift; path = ParstagramUITests.swift; sourceTree = "<group>"; };
		BBB62B9B256227A300F46DD8 /* Info.plist */ = {isa = PBXFileReference; lastKnownFileType = text.plist.xml; path = Info.plist; sourceTree = "<group>"; };
/* End PBXFileReference section */

/* Begin PBXFrameworksBuildPhase section */
		BBB62B712562279E00F46DD8 /* Frameworks */ = {
			isa = PBXFrameworksBuildPhase;
			buildActionMask = 2147483647;
			files = (
				0D29D241125850B44DA1052D /* Pods_Parstagram.framework in Frameworks */,
			);
			runOnlyForDeploymentPostprocessing = 0;
		};
		BBB62B87256227A300F46DD8 /* Frameworks */ = {
			isa = PBXFrameworksBuildPhase;
			buildActionMask = 2147483647;
			files = (
				13AB4199B5051B4985CAE20A /* Pods_ParstagramTests.framework in Frameworks */,
			);
			runOnlyForDeploymentPostprocessing = 0;
		};
		BBB62B92256227A300F46DD8 /* Frameworks */ = {
			isa = PBXFrameworksBuildPhase;
			buildActionMask = 2147483647;
			files = (
				F031065EB8BAC9D74123FEF0 /* Pods_Parstagram_ParstagramUITests.framework in Frameworks */,
			);
			runOnlyForDeploymentPostprocessing = 0;
		};
/* End PBXFrameworksBuildPhase section */

/* Begin PBXGroup section */
		4816227FFEC071B327F1EFA3 /* Frameworks */ = {
			isa = PBXGroup;
			children = (
				8A130B76BD4CE19169120CE7 /* Pods_Parstagram.framework */,
				754715F32AAFB8915F406ED0 /* Pods_Parstagram_ParstagramUITests.framework */,
				7CAE9D02673FB6CDC3A683A8 /* Pods_ParstagramTests.framework */,
			);
			name = Frameworks;
			sourceTree = "<group>";
		};
		8B887EA4931F6A160E624EFE /* Pods */ = {
			isa = PBXGroup;
			children = (
				1F7DDD719F987A55697FC808 /* Pods-Parstagram.debug.xcconfig */,
				4C8CA18408A9298120E012C0 /* Pods-Parstagram.release.xcconfig */,
				B3909A3A15E533BF31F4873E /* Pods-Parstagram-ParstagramUITests.debug.xcconfig */,
				566B97CAB76F2A4ACEF099C9 /* Pods-Parstagram-ParstagramUITests.release.xcconfig */,
				2DA12744C35B1147D993910B /* Pods-ParstagramTests.debug.xcconfig */,
				B22A5AE58DE02AD05A3BD6FF /* Pods-ParstagramTests.release.xcconfig */,
			);
			path = Pods;
			sourceTree = "<group>";
		};
		BBB62B6B2562279E00F46DD8 = {
			isa = PBXGroup;
			children = (
				BBB62B762562279E00F46DD8 /* Parstagram */,
				BBB62B8D256227A300F46DD8 /* ParstagramTests */,
				BBB62B98256227A300F46DD8 /* ParstagramUITests */,
				BBB62B752562279E00F46DD8 /* Products */,
				8B887EA4931F6A160E624EFE /* Pods */,
				4816227FFEC071B327F1EFA3 /* Frameworks */,
			);
			sourceTree = "<group>";
		};
		BBB62B752562279E00F46DD8 /* Products */ = {
			isa = PBXGroup;
			children = (
				BBB62B742562279E00F46DD8 /* Parstagram.app */,
				BBB62B8A256227A300F46DD8 /* ParstagramTests.xctest */,
				BBB62B95256227A300F46DD8 /* ParstagramUITests.xctest */,
			);
			name = Products;
			sourceTree = "<group>";
		};
		BBB62B762562279E00F46DD8 /* Parstagram */ = {
			isa = PBXGroup;
			children = (
				BBB62B772562279E00F46DD8 /* AppDelegate.swift */,
				BB652C9B2562375800B89B86 /* CameraViewController.swift */,
				BBB62B792562279E00F46DD8 /* SceneDelegate.swift */,
				BBB62B7D2562279E00F46DD8 /* Main.storyboard */,
				BBB62B80256227A300F46DD8 /* Assets.xcassets */,
				BBB62B82256227A300F46DD8 /* LaunchScreen.storyboard */,
				BBB62B85256227A300F46DD8 /* Info.plist */,
				BB652C9725622EDC00B89B86 /* LoginViewController.swift */,
				BB652C9925622EE700B89B86 /* FeedViewController.swift */,
				BB6E1D0F256240A50057FFB4 /* PostCell.swift */,
				BB8FFC72256AD70300D7291D /* CommentCell.swift */,
			);
			path = Parstagram;
			sourceTree = "<group>";
		};
		BBB62B8D256227A300F46DD8 /* ParstagramTests */ = {
			isa = PBXGroup;
			children = (
				BBB62B8E256227A300F46DD8 /* ParstagramTests.swift */,
				BBB62B90256227A300F46DD8 /* Info.plist */,
			);
			path = ParstagramTests;
			sourceTree = "<group>";
		};
		BBB62B98256227A300F46DD8 /* ParstagramUITests */ = {
			isa = PBXGroup;
			children = (
				BBB62B99256227A300F46DD8 /* ParstagramUITests.swift */,
				BBB62B9B256227A300F46DD8 /* Info.plist */,
			);
			path = ParstagramUITests;
			sourceTree = "<group>";
		};
/* End PBXGroup section */

/* Begin PBXNativeTarget section */
		BBB62B732562279E00F46DD8 /* Parstagram */ = {
			isa = PBXNativeTarget;
			buildConfigurationList = BBB62B9E256227A300F46DD8 /* Build configuration list for PBXNativeTarget "Parstagram" */;
			buildPhases = (
				904A358442EB0540ED9ADC2B /* [CP] Check Pods Manifest.lock */,
				BBB62B702562279E00F46DD8 /* Sources */,
				BBB62B712562279E00F46DD8 /* Frameworks */,
				BBB62B722562279E00F46DD8 /* Resources */,
				56D5F359937BE0392FA79583 /* [CP] Embed Pods Frameworks */,
			);
			buildRules = (
			);
			dependencies = (
			);
			name = Parstagram;
			productName = Parstagram;
			productReference = BBB62B742562279E00F46DD8 /* Parstagram.app */;
			productType = "com.apple.product-type.application";
		};
		BBB62B89256227A300F46DD8 /* ParstagramTests */ = {
			isa = PBXNativeTarget;
			buildConfigurationList = BBB62BA1256227A300F46DD8 /* Build configuration list for PBXNativeTarget "ParstagramTests" */;
			buildPhases = (
				075AEBED04E3F18F10E915BA /* [CP] Check Pods Manifest.lock */,
				BBB62B86256227A300F46DD8 /* Sources */,
				BBB62B87256227A300F46DD8 /* Frameworks */,
				BBB62B88256227A300F46DD8 /* Resources */,
			);
			buildRules = (
			);
			dependencies = (
				BBB62B8C256227A300F46DD8 /* PBXTargetDependency */,
			);
			name = ParstagramTests;
			productName = ParstagramTests;
			productReference = BBB62B8A256227A300F46DD8 /* ParstagramTests.xctest */;
			productType = "com.apple.product-type.bundle.unit-test";
		};
		BBB62B94256227A300F46DD8 /* ParstagramUITests */ = {
			isa = PBXNativeTarget;
			buildConfigurationList = BBB62BA4256227A300F46DD8 /* Build configuration list for PBXNativeTarget "ParstagramUITests" */;
			buildPhases = (
				C767B4659231C1DBF6B3FB4B /* [CP] Check Pods Manifest.lock */,
				BBB62B91256227A300F46DD8 /* Sources */,
				BBB62B92256227A300F46DD8 /* Frameworks */,
				BBB62B93256227A300F46DD8 /* Resources */,
				D762C88336ACA75251C83F00 /* [CP] Embed Pods Frameworks */,
			);
			buildRules = (
			);
			dependencies = (
				BBB62B97256227A300F46DD8 /* PBXTargetDependency */,
			);
			name = ParstagramUITests;
			productName = ParstagramUITests;
			productReference = BBB62B95256227A300F46DD8 /* ParstagramUITests.xctest */;
			productType = "com.apple.product-type.bundle.ui-testing";
		};
/* End PBXNativeTarget section */

/* Begin PBXProject section */
		BBB62B6C2562279E00F46DD8 /* Project object */ = {
			isa = PBXProject;
			attributes = {
				LastSwiftUpdateCheck = 1170;
				LastUpgradeCheck = 1170;
				ORGANIZATIONNAME = "Eric Nguyen";
				TargetAttributes = {
					BBB62B732562279E00F46DD8 = {
						CreatedOnToolsVersion = 11.7;
					};
					BBB62B89256227A300F46DD8 = {
						CreatedOnToolsVersion = 11.7;
						TestTargetID = BBB62B732562279E00F46DD8;
					};
					BBB62B94256227A300F46DD8 = {
						CreatedOnToolsVersion = 11.7;
						TestTargetID = BBB62B732562279E00F46DD8;
					};
				};
			};
			buildConfigurationList = BBB62B6F2562279E00F46DD8 /* Build configuration list for PBXProject "Parstagram" */;
			compatibilityVersion = "Xcode 9.3";
			developmentRegion = en;
			hasScannedForEncodings = 0;
			knownRegions = (
				en,
				Base,
			);
			mainGroup = BBB62B6B2562279E00F46DD8;
			productRefGroup = BBB62B752562279E00F46DD8 /* Products */;
			projectDirPath = "";
			projectRoot = "";
			targets = (
				BBB62B732562279E00F46DD8 /* Parstagram */,
				BBB62B89256227A300F46DD8 /* ParstagramTests */,
				BBB62B94256227A300F46DD8 /* ParstagramUITests */,
			);
		};
/* End PBXProject section */

/* Begin PBXResourcesBuildPhase section */
		BBB62B722562279E00F46DD8 /* Resources */ = {
			isa = PBXResourcesBuildPhase;
			buildActionMask = 2147483647;
			files = (
				BBB62B84256227A300F46DD8 /* LaunchScreen.storyboard in Resources */,
				BBB62B81256227A300F46DD8 /* Assets.xcassets in Resources */,
				BBB62B7F2562279E00F46DD8 /* Main.storyboard in Resources */,
			);
			runOnlyForDeploymentPostprocessing = 0;
		};
		BBB62B88256227A300F46DD8 /* Resources */ = {
			isa = PBXResourcesBuildPhase;
			buildActionMask = 2147483647;
			files = (
			);
			runOnlyForDeploymentPostprocessing = 0;
		};
		BBB62B93256227A300F46DD8 /* Resources */ = {
			isa = PBXResourcesBuildPhase;
			buildActionMask = 2147483647;
			files = (
			);
			runOnlyForDeploymentPostprocessing = 0;
		};
/* End PBXResourcesBuildPhase section */

/* Begin PBXShellScriptBuildPhase section */
		075AEBED04E3F18F10E915BA /* [CP] Check Pods Manifest.lock */ = {
			isa = PBXShellScriptBuildPhase;
			buildActionMask = 2147483647;
			files = (
			);
			inputFileListPaths = (
			);
			inputPaths = (
				"${PODS_PODFILE_DIR_PATH}/Podfile.lock",
				"${PODS_ROOT}/Manifest.lock",
			);
			name = "[CP] Check Pods Manifest.lock";
			outputFileListPaths = (
			);
			outputPaths = (
				"$(DERIVED_FILE_DIR)/Pods-ParstagramTests-checkManifestLockResult.txt",
			);
			runOnlyForDeploymentPostprocessing = 0;
			shellPath = /bin/sh;
			shellScript = "diff \"${PODS_PODFILE_DIR_PATH}/Podfile.lock\" \"${PODS_ROOT}/Manifest.lock\" > /dev/null\nif [ $? != 0 ] ; then\n    # print error to STDERR\n    echo \"error: The sandbox is not in sync with the Podfile.lock. Run 'pod install' or update your CocoaPods installation.\" >&2\n    exit 1\nfi\n# This output is used by Xcode 'outputs' to avoid re-running this script phase.\necho \"SUCCESS\" > \"${SCRIPT_OUTPUT_FILE_0}\"\n";
			showEnvVarsInLog = 0;
		};
		56D5F359937BE0392FA79583 /* [CP] Embed Pods Frameworks */ = {
			isa = PBXShellScriptBuildPhase;
			buildActionMask = 2147483647;
			files = (
			);
			inputFileListPaths = (
				"${PODS_ROOT}/Target Support Files/Pods-Parstagram/Pods-Parstagram-frameworks-${CONFIGURATION}-input-files.xcfilelist",
			);
			name = "[CP] Embed Pods Frameworks";
			outputFileListPaths = (
				"${PODS_ROOT}/Target Support Files/Pods-Parstagram/Pods-Parstagram-frameworks-${CONFIGURATION}-output-files.xcfilelist",
			);
			runOnlyForDeploymentPostprocessing = 0;
			shellPath = /bin/sh;
			shellScript = "\"${PODS_ROOT}/Target Support Files/Pods-Parstagram/Pods-Parstagram-frameworks.sh\"\n";
			showEnvVarsInLog = 0;
		};
		904A358442EB0540ED9ADC2B /* [CP] Check Pods Manifest.lock */ = {
			isa = PBXShellScriptBuildPhase;
			buildActionMask = 2147483647;
			files = (
			);
			inputFileListPaths = (
			);
			inputPaths = (
				"${PODS_PODFILE_DIR_PATH}/Podfile.lock",
				"${PODS_ROOT}/Manifest.lock",
			);
			name = "[CP] Check Pods Manifest.lock";
			outputFileListPaths = (
			);
			outputPaths = (
				"$(DERIVED_FILE_DIR)/Pods-Parstagram-checkManifestLockResult.txt",
			);
			runOnlyForDeploymentPostprocessing = 0;
			shellPath = /bin/sh;
			shellScript = "diff \"${PODS_PODFILE_DIR_PATH}/Podfile.lock\" \"${PODS_ROOT}/Manifest.lock\" > /dev/null\nif [ $? != 0 ] ; then\n    # print error to STDERR\n    echo \"error: The sandbox is not in sync with the Podfile.lock. Run 'pod install' or update your CocoaPods installation.\" >&2\n    exit 1\nfi\n# This output is used by Xcode 'outputs' to avoid re-running this script phase.\necho \"SUCCESS\" > \"${SCRIPT_OUTPUT_FILE_0}\"\n";
			showEnvVarsInLog = 0;
		};
		C767B4659231C1DBF6B3FB4B /* [CP] Check Pods Manifest.lock */ = {
			isa = PBXShellScriptBuildPhase;
			buildActionMask = 2147483647;
			files = (
			);
			inputFileListPaths = (
			);
			inputPaths = (
				"${PODS_PODFILE_DIR_PATH}/Podfile.lock",
				"${PODS_ROOT}/Manifest.lock",
			);
			name = "[CP] Check Pods Manifest.lock";
			outputFileListPaths = (
			);
			outputPaths = (
				"$(DERIVED_FILE_DIR)/Pods-Parstagram-ParstagramUITests-checkManifestLockResult.txt",
			);
			runOnlyForDeploymentPostprocessing = 0;
			shellPath = /bin/sh;
			shellScript = "diff \"${PODS_PODFILE_DIR_PATH}/Podfile.lock\" \"${PODS_ROOT}/Manifest.lock\" > /dev/null\nif [ $? != 0 ] ; then\n    # print error to STDERR\n    echo \"error: The sandbox is not in sync with the Podfile.lock. Run 'pod install' or update your CocoaPods installation.\" >&2\n    exit 1\nfi\n# This output is used by Xcode 'outputs' to avoid re-running this script phase.\necho \"SUCCESS\" > \"${SCRIPT_OUTPUT_FILE_0}\"\n";
			showEnvVarsInLog = 0;
		};
		D762C88336ACA75251C83F00 /* [CP] Embed Pods Frameworks */ = {
			isa = PBXShellScriptBuildPhase;
			buildActionMask = 2147483647;
			files = (
			);
			inputFileListPaths = (
				"${PODS_ROOT}/Target Support Files/Pods-Parstagram-ParstagramUITests/Pods-Parstagram-ParstagramUITests-frameworks-${CONFIGURATION}-input-files.xcfilelist",
			);
			name = "[CP] Embed Pods Frameworks";
			outputFileListPaths = (
				"${PODS_ROOT}/Target Support Files/Pods-Parstagram-ParstagramUITests/Pods-Parstagram-ParstagramUITests-frameworks-${CONFIGURATION}-output-files.xcfilelist",
			);
			runOnlyForDeploymentPostprocessing = 0;
			shellPath = /bin/sh;
			shellScript = "\"${PODS_ROOT}/Target Support Files/Pods-Parstagram-ParstagramUITests/Pods-Parstagram-ParstagramUITests-frameworks.sh\"\n";
			showEnvVarsInLog = 0;
		};
/* End PBXShellScriptBuildPhase section */

/* Begin PBXSourcesBuildPhase section */
		BBB62B702562279E00F46DD8 /* Sources */ = {
			isa = PBXSourcesBuildPhase;
			buildActionMask = 2147483647;
			files = (
				BB652C9825622EDC00B89B86 /* LoginViewController.swift in Sources */,
				BB652C9C2562375800B89B86 /* CameraViewController.swift in Sources */,
				BBB62B782562279E00F46DD8 /* AppDelegate.swift in Sources */,
				BB652C9A25622EE700B89B86 /* FeedViewController.swift in Sources */,
				BBB62B7A2562279E00F46DD8 /* SceneDelegate.swift in Sources */,
				BB6E1D10256240A50057FFB4 /* PostCell.swift in Sources */,
				BB8FFC73256AD70300D7291D /* CommentCell.swift in Sources */,
			);
			runOnlyForDeploymentPostprocessing = 0;
		};
		BBB62B86256227A300F46DD8 /* Sources */ = {
			isa = PBXSourcesBuildPhase;
			buildActionMask = 2147483647;
			files = (
				BBB62B8F256227A300F46DD8 /* ParstagramTests.swift in Sources */,
			);
			runOnlyForDeploymentPostprocessing = 0;
		};
		BBB62B91256227A300F46DD8 /* Sources */ = {
			isa = PBXSourcesBuildPhase;
			buildActionMask = 2147483647;
			files = (
				BBB62B9A256227A300F46DD8 /* ParstagramUITests.swift in Sources */,
			);
			runOnlyForDeploymentPostprocessing = 0;
		};
/* End PBXSourcesBuildPhase section */

/* Begin PBXTargetDependency section */
		BBB62B8C256227A300F46DD8 /* PBXTargetDependency */ = {
			isa = PBXTargetDependency;
			target = BBB62B732562279E00F46DD8 /* Parstagram */;
			targetProxy = BBB62B8B256227A300F46DD8 /* PBXContainerItemProxy */;
		};
		BBB62B97256227A300F46DD8 /* PBXTargetDependency */ = {
			isa = PBXTargetDependency;
			target = BBB62B732562279E00F46DD8 /* Parstagram */;
			targetProxy = BBB62B96256227A300F46DD8 /* PBXContainerItemProxy */;
		};
/* End PBXTargetDependency section */

/* Begin PBXVariantGroup section */
		BBB62B7D2562279E00F46DD8 /* Main.storyboard */ = {
			isa = PBXVariantGroup;
			children = (
				BBB62B7E2562279E00F46DD8 /* Base */,
			);
			name = Main.storyboard;
			sourceTree = "<group>";
		};
		BBB62B82256227A300F46DD8 /* LaunchScreen.storyboard */ = {
			isa = PBXVariantGroup;
			children = (
				BBB62B83256227A300F46DD8 /* Base */,
			);
			name = LaunchScreen.storyboard;
			sourceTree = "<group>";
		};
/* End PBXVariantGroup section */

/* Begin XCBuildConfiguration section */
		BBB62B9C256227A300F46DD8 /* Debug */ = {
			isa = XCBuildConfiguration;
			buildSettings = {
				ALWAYS_SEARCH_USER_PATHS = NO;
				CLANG_ANALYZER_NONNULL = YES;
				CLANG_ANALYZER_NUMBER_OBJECT_CONVERSION = YES_AGGRESSIVE;
				CLANG_CXX_LANGUAGE_STANDARD = "gnu++14";
				CLANG_CXX_LIBRARY = "libc++";
				CLANG_ENABLE_MODULES = YES;
				CLANG_ENABLE_OBJC_ARC = YES;
				CLANG_ENABLE_OBJC_WEAK = YES;
				CLANG_WARN_BLOCK_CAPTURE_AUTORELEASING = YES;
				CLANG_WARN_BOOL_CONVERSION = YES;
				CLANG_WARN_COMMA = YES;
				CLANG_WARN_CONSTANT_CONVERSION = YES;
				CLANG_WARN_DEPRECATED_OBJC_IMPLEMENTATIONS = YES;
				CLANG_WARN_DIRECT_OBJC_ISA_USAGE = YES_ERROR;
				CLANG_WARN_DOCUMENTATION_COMMENTS = YES;
				CLANG_WARN_EMPTY_BODY = YES;
				CLANG_WARN_ENUM_CONVERSION = YES;
				CLANG_WARN_INFINITE_RECURSION = YES;
				CLANG_WARN_INT_CONVERSION = YES;
				CLANG_WARN_NON_LITERAL_NULL_CONVERSION = YES;
				CLANG_WARN_OBJC_IMPLICIT_RETAIN_SELF = YES;
				CLANG_WARN_OBJC_LITERAL_CONVERSION = YES;
				CLANG_WARN_OBJC_ROOT_CLASS = YES_ERROR;
				CLANG_WARN_RANGE_LOOP_ANALYSIS = YES;
				CLANG_WARN_STRICT_PROTOTYPES = YES;
				CLANG_WARN_SUSPICIOUS_MOVE = YES;
				CLANG_WARN_UNGUARDED_AVAILABILITY = YES_AGGRESSIVE;
				CLANG_WARN_UNREACHABLE_CODE = YES;
				CLANG_WARN__DUPLICATE_METHOD_MATCH = YES;
				COPY_PHASE_STRIP = NO;
				DEBUG_INFORMATION_FORMAT = dwarf;
				ENABLE_STRICT_OBJC_MSGSEND = YES;
				ENABLE_TESTABILITY = YES;
				GCC_C_LANGUAGE_STANDARD = gnu11;
				GCC_DYNAMIC_NO_PIC = NO;
				GCC_NO_COMMON_BLOCKS = YES;
				GCC_OPTIMIZATION_LEVEL = 0;
				GCC_PREPROCESSOR_DEFINITIONS = (
					"DEBUG=1",
					"$(inherited)",
				);
				GCC_WARN_64_TO_32_BIT_CONVERSION = YES;
				GCC_WARN_ABOUT_RETURN_TYPE = YES_ERROR;
				GCC_WARN_UNDECLARED_SELECTOR = YES;
				GCC_WARN_UNINITIALIZED_AUTOS = YES_AGGRESSIVE;
				GCC_WARN_UNUSED_FUNCTION = YES;
				GCC_WARN_UNUSED_VARIABLE = YES;
				IPHONEOS_DEPLOYMENT_TARGET = 13.7;
				MTL_ENABLE_DEBUG_INFO = INCLUDE_SOURCE;
				MTL_FAST_MATH = YES;
				ONLY_ACTIVE_ARCH = YES;
				SDKROOT = iphoneos;
				SWIFT_ACTIVE_COMPILATION_CONDITIONS = DEBUG;
				SWIFT_OPTIMIZATION_LEVEL = "-Onone";
			};
			name = Debug;
		};
		BBB62B9D256227A300F46DD8 /* Release */ = {
			isa = XCBuildConfiguration;
			buildSettings = {
				ALWAYS_SEARCH_USER_PATHS = NO;
				CLANG_ANALYZER_NONNULL = YES;
				CLANG_ANALYZER_NUMBER_OBJECT_CONVERSION = YES_AGGRESSIVE;
				CLANG_CXX_LANGUAGE_STANDARD = "gnu++14";
				CLANG_CXX_LIBRARY = "libc++";
				CLANG_ENABLE_MODULES = YES;
				CLANG_ENABLE_OBJC_ARC = YES;
				CLANG_ENABLE_OBJC_WEAK = YES;
				CLANG_WARN_BLOCK_CAPTURE_AUTORELEASING = YES;
				CLANG_WARN_BOOL_CONVERSION = YES;
				CLANG_WARN_COMMA = YES;
				CLANG_WARN_CONSTANT_CONVERSION = YES;
				CLANG_WARN_DEPRECATED_OBJC_IMPLEMENTATIONS = YES;
				CLANG_WARN_DIRECT_OBJC_ISA_USAGE = YES_ERROR;
				CLANG_WARN_DOCUMENTATION_COMMENTS = YES;
				CLANG_WARN_EMPTY_BODY = YES;
				CLANG_WARN_ENUM_CONVERSION = YES;
				CLANG_WARN_INFINITE_RECURSION = YES;
				CLANG_WARN_INT_CONVERSION = YES;
				CLANG_WARN_NON_LITERAL_NULL_CONVERSION = YES;
				CLANG_WARN_OBJC_IMPLICIT_RETAIN_SELF = YES;
				CLANG_WARN_OBJC_LITERAL_CONVERSION = YES;
				CLANG_WARN_OBJC_ROOT_CLASS = YES_ERROR;
				CLANG_WARN_RANGE_LOOP_ANALYSIS = YES;
				CLANG_WARN_STRICT_PROTOTYPES = YES;
				CLANG_WARN_SUSPICIOUS_MOVE = YES;
				CLANG_WARN_UNGUARDED_AVAILABILITY = YES_AGGRESSIVE;
				CLANG_WARN_UNREACHABLE_CODE = YES;
				CLANG_WARN__DUPLICATE_METHOD_MATCH = YES;
				COPY_PHASE_STRIP = NO;
				DEBUG_INFORMATION_FORMAT = "dwarf-with-dsym";
				ENABLE_NS_ASSERTIONS = NO;
				ENABLE_STRICT_OBJC_MSGSEND = YES;
				GCC_C_LANGUAGE_STANDARD = gnu11;
				GCC_NO_COMMON_BLOCKS = YES;
				GCC_WARN_64_TO_32_BIT_CONVERSION = YES;
				GCC_WARN_ABOUT_RETURN_TYPE = YES_ERROR;
				GCC_WARN_UNDECLARED_SELECTOR = YES;
				GCC_WARN_UNINITIALIZED_AUTOS = YES_AGGRESSIVE;
				GCC_WARN_UNUSED_FUNCTION = YES;
				GCC_WARN_UNUSED_VARIABLE = YES;
				IPHONEOS_DEPLOYMENT_TARGET = 13.7;
				MTL_ENABLE_DEBUG_INFO = NO;
				MTL_FAST_MATH = YES;
				SDKROOT = iphoneos;
				SWIFT_COMPILATION_MODE = wholemodule;
				SWIFT_OPTIMIZATION_LEVEL = "-O";
				VALIDATE_PRODUCT = YES;
			};
			name = Release;
		};
		BBB62B9F256227A300F46DD8 /* Debug */ = {
			isa = XCBuildConfiguration;
			baseConfigurationReference = 1F7DDD719F987A55697FC808 /* Pods-Parstagram.debug.xcconfig */;
			buildSettings = {
				ASSETCATALOG_COMPILER_APPICON_NAME = AppIcon;
				CODE_SIGN_STYLE = Automatic;
				INFOPLIST_FILE = Parstagram/Info.plist;
				LD_RUNPATH_SEARCH_PATHS = (
					"$(inherited)",
					"@executable_path/Frameworks",
				);
				PRODUCT_BUNDLE_IDENTIFIER = "Eric-Nguyen.Parstagram";
				PRODUCT_NAME = "$(TARGET_NAME)";
				SWIFT_VERSION = 5.0;
				TARGETED_DEVICE_FAMILY = "1,2";
			};
			name = Debug;
		};
		BBB62BA0256227A300F46DD8 /* Release */ = {
			isa = XCBuildConfiguration;
			baseConfigurationReference = 4C8CA18408A9298120E012C0 /* Pods-Parstagram.release.xcconfig */;
			buildSettings = {
				ASSETCATALOG_COMPILER_APPICON_NAME = AppIcon;
				CODE_SIGN_STYLE = Automatic;
				INFOPLIST_FILE = Parstagram/Info.plist;
				LD_RUNPATH_SEARCH_PATHS = (
					"$(inherited)",
					"@executable_path/Frameworks",
				);
				PRODUCT_BUNDLE_IDENTIFIER = "Eric-Nguyen.Parstagram";
				PRODUCT_NAME = "$(TARGET_NAME)";
				SWIFT_VERSION = 5.0;
				TARGETED_DEVICE_FAMILY = "1,2";
			};
			name = Release;
		};
		BBB62BA2256227A300F46DD8 /* Debug */ = {
			isa = XCBuildConfiguration;
			baseConfigurationReference = 2DA12744C35B1147D993910B /* Pods-ParstagramTests.debug.xcconfig */;
			buildSettings = {
				ALWAYS_EMBED_SWIFT_STANDARD_LIBRARIES = YES;
				BUNDLE_LOADER = "$(TEST_HOST)";
				CODE_SIGN_STYLE = Automatic;
				INFOPLIST_FILE = ParstagramTests/Info.plist;
				IPHONEOS_DEPLOYMENT_TARGET = 13.7;
				LD_RUNPATH_SEARCH_PATHS = (
					"$(inherited)",
					"@executable_path/Frameworks",
					"@loader_path/Frameworks",
				);
				PRODUCT_BUNDLE_IDENTIFIER = "Eric-Nguyen.ParstagramTests";
				PRODUCT_NAME = "$(TARGET_NAME)";
				SWIFT_VERSION = 5.0;
				TARGETED_DEVICE_FAMILY = "1,2";
				TEST_HOST = "$(BUILT_PRODUCTS_DIR)/Parstagram.app/Parstagram";
			};
			name = Debug;
		};
		BBB62BA3256227A300F46DD8 /* Release */ = {
			isa = XCBuildConfiguration;
			baseConfigurationReference = B22A5AE58DE02AD05A3BD6FF /* Pods-ParstagramTests.release.xcconfig */;
			buildSettings = {
				ALWAYS_EMBED_SWIFT_STANDARD_LIBRARIES = YES;
				BUNDLE_LOADER = "$(TEST_HOST)";
				CODE_SIGN_STYLE = Automatic;
				INFOPLIST_FILE = ParstagramTests/Info.plist;
				IPHONEOS_DEPLOYMENT_TARGET = 13.7;
				LD_RUNPATH_SEARCH_PATHS = (
					"$(inherited)",
					"@executable_path/Frameworks",
					"@loader_path/Frameworks",
				);
				PRODUCT_BUNDLE_IDENTIFIER = "Eric-Nguyen.ParstagramTests";
				PRODUCT_NAME = "$(TARGET_NAME)";
				SWIFT_VERSION = 5.0;
				TARGETED_DEVICE_FAMILY = "1,2";
				TEST_HOST = "$(BUILT_PRODUCTS_DIR)/Parstagram.app/Parstagram";
			};
			name = Release;
		};
		BBB62BA5256227A300F46DD8 /* Debug */ = {
			isa = XCBuildConfiguration;
			baseConfigurationReference = B3909A3A15E533BF31F4873E /* Pods-Parstagram-ParstagramUITests.debug.xcconfig */;
			buildSettings = {
				ALWAYS_EMBED_SWIFT_STANDARD_LIBRARIES = YES;
				CODE_SIGN_STYLE = Automatic;
				INFOPLIST_FILE = ParstagramUITests/Info.plist;
				LD_RUNPATH_SEARCH_PATHS = (
					"$(inherited)",
					"@executable_path/Frameworks",
					"@loader_path/Frameworks",
				);
				PRODUCT_BUNDLE_IDENTIFIER = "Eric-Nguyen.ParstagramUITests";
				PRODUCT_NAME = "$(TARGET_NAME)";
				SWIFT_VERSION = 5.0;
				TARGETED_DEVICE_FAMILY = "1,2";
				TEST_TARGET_NAME = Parstagram;
			};
			name = Debug;
		};
		BBB62BA6256227A300F46DD8 /* Release */ = {
			isa = XCBuildConfiguration;
			baseConfigurationReference = 566B97CAB76F2A4ACEF099C9 /* Pods-Parstagram-ParstagramUITests.release.xcconfig */;
			buildSettings = {
				ALWAYS_EMBED_SWIFT_STANDARD_LIBRARIES = YES;
				CODE_SIGN_STYLE = Automatic;
				INFOPLIST_FILE = ParstagramUITests/Info.plist;
				LD_RUNPATH_SEARCH_PATHS = (
					"$(inherited)",
					"@executable_path/Frameworks",
					"@loader_path/Frameworks",
				);
				PRODUCT_BUNDLE_IDENTIFIER = "Eric-Nguyen.ParstagramUITests";
				PRODUCT_NAME = "$(TARGET_NAME)";
				SWIFT_VERSION = 5.0;
				TARGETED_DEVICE_FAMILY = "1,2";
				TEST_TARGET_NAME = Parstagram;
			};
			name = Release;
		};
/* End XCBuildConfiguration section */

/* Begin XCConfigurationList section */
		BBB62B6F2562279E00F46DD8 /* Build configuration list for PBXProject "Parstagram" */ = {
			isa = XCConfigurationList;
			buildConfigurations = (
				BBB62B9C256227A300F46DD8 /* Debug */,
				BBB62B9D256227A300F46DD8 /* Release */,
			);
			defaultConfigurationIsVisible = 0;
			defaultConfigurationName = Release;
		};
		BBB62B9E256227A300F46DD8 /* Build configuration list for PBXNativeTarget "Parstagram" */ = {
			isa = XCConfigurationList;
			buildConfigurations = (
				BBB62B9F256227A300F46DD8 /* Debug */,
				BBB62BA0256227A300F46DD8 /* Release */,
			);
			defaultConfigurationIsVisible = 0;
			defaultConfigurationName = Release;
		};
		BBB62BA1256227A300F46DD8 /* Build configuration list for PBXNativeTarget "ParstagramTests" */ = {
			isa = XCConfigurationList;
			buildConfigurations = (
				BBB62BA2256227A300F46DD8 /* Debug */,
				BBB62BA3256227A300F46DD8 /* Release */,
			);
			defaultConfigurationIsVisible = 0;
			defaultConfigurationName = Release;
		};
		BBB62BA4256227A300F46DD8 /* Build configuration list for PBXNativeTarget "ParstagramUITests" */ = {
			isa = XCConfigurationList;
			buildConfigurations = (
				BBB62BA5256227A300F46DD8 /* Debug */,
				BBB62BA6256227A300F46DD8 /* Release */,
			);
			defaultConfigurationIsVisible = 0;
			defaultConfigurationName = Release;
		};
/* End XCConfigurationList section */
	};
	rootObject = BBB62B6C2562279E00F46DD8 /* Project object */;
}
